GEM
  remote: https://rubygems.org/
  specs:
    connection_pool (3.0.2)
    json (3.0.2)
    logger (1.7.0)
    rack (3.2.7)
    redis-client (0.30.1)
      connection_pool
    sidekiq (8.1.7)
      connection_pool (>= 3.0.0)
      json (>= 2.16.0)
      logger (>= 1.7.0)
      rack (>= 3.2.0)
      redis-client (>= 0.29.0)

PLATFORMS
  ruby
  x86_64-linux-gnu

DEPENDENCIES
  sidekiq (= 8.1.7)

CHECKSUMS
  connection_pool (3.0.2) sha256=33fff5ba71a12d2aa26cb72b1db8bba2a1a01823559fb01d29eb74c286e62e0a
  json (3.0.2) sha256=8e6d7e7b11384c21230430cef90b71f14849a34a1f4452796670f7c981bd19df
  logger (1.7.0) sha256=196edec7cc44b66cfb40f9755ce11b392f21f7967696af15d274dde7edff0203
  rack (3.2.7) sha256=93e13e1c24f93556671d85d2d79fa228c3485815c50d7e2f265b5330c6528fb7
  redis-client (0.30.1) sha256=5151bc5c7bbfe48623732cdae3b900d8a22dc691cc7cdfacfb351ac55116522d
  sidekiq (8.1.7) sha256=91ad48c7e6c32e1846bf1d5b74c27948758049b93fed0cb539f8d586c7de3415

BUNDLED WITH
  4.0.8
